
Microsoft Visual Studio Solution File, Format Version 12.00
# Visual Studio Version 16
VisualStudioVersion = 16.0.31515.178
MinimumVisualStudioVersion = 10.0.40219.1
Project("{FAE04EC0-301F-11D3-BF4B-00C04F79EFBC}") = "ExerciciosEmCSharp", "ExerciciosEmCSharp\ExerciciosEmCSharp.csproj", "{3E80C040-D2E3-4D3C-9CB9-B12694FA91FA}"
EndProject
Global
	GlobalSection(SolutionConfigurationPlatforms) = preSolution
		Debug|Any CPU = Debug|Any CPU
		Release|Any CPU = Release|Any CPU
	EndGlobalSection
	GlobalSection(ProjectConfigurationPlatforms) = postSolution
		{3E80C040-D2E3-4D3C-9CB9-B12694FA91FA}.Debug|Any CPU.ActiveCfg = Debug|Any CPU
		{3E80C040-D2E3-4D3C-9CB9-B12694FA91FA}.Debug|Any CPU.Build.0 = Debug|Any CPU
		{3E80C040-D2E3-4D3C-9CB9-B12694FA91FA}.Release|Any CPU.ActiveCfg = Release|Any CPU
		{3E80C040-D2E3-4D3C-9CB9-B12694FA91FA}.Release|Any CPU.Build.0 = Release|Any CPU
	EndGlobalSection
	GlobalSection(SolutionProperties) = preSolution
		HideSolutionNode = FALSE
	EndGlobalSection
	GlobalSection(ExtensibilityGlobals) = postSolution
		SolutionGuid = {DE35AC50-3004-45AF-A2B7-FBBA672B4C26}
	EndGlobalSection
EndGlobal
